
Microsoft Visual Studio Solution File, Format Version 12.00
# Visual Studio Version 16
VisualStudioVersion = 16.0.28729.10
MinimumVisualStudioVersion = 10.0.40219.1
Project("{FAE04EC0-301F-11D3-BF4B-00C04F79EFBC}") = "iRacingMock.ClassLibrary", "iRacingMock.ClassLibrary\iRacingMock.ClassLibrary.csproj", "{43BDB9E0-8AEB-4C12-939A-D792E9861B11}"
EndProject
Project("{FAE04EC0-301F-11D3-BF4B-00C04F79EFBC}") = "iRacingMock.Console", "iRacingMock.Console\iRacingMock.Console.csproj", "{14A6EB13-D436-4B67-B6D5-1F4223887E0E}"
EndProject
Global
	GlobalSection(SolutionConfigurationPlatforms) = preSolution
		Debug|Any CPU = Debug|Any CPU
		Release|Any CPU = Release|Any CPU
	EndGlobalSection
	GlobalSection(ProjectConfigurationPlatforms) = postSolution
		{43BDB9E0-8AEB-4C12-939A-D792E9861B11}.Debug|Any CPU.ActiveCfg = Debug|Any CPU
		{43BDB9E0-8AEB-4C12-939A-D792E9861B11}.Debug|Any CPU.Build.0 = Debug|Any CPU
		{43BDB9E0-8AEB-4C12-939A-D792E9861B11}.Release|Any CPU.ActiveCfg = Release|Any CPU
		{43BDB9E0-8AEB-4C12-939A-D792E9861B11}.Release|Any CPU.Build.0 = Release|Any CPU
		{14A6EB13-D436-4B67-B6D5-1F4223887E0E}.Debug|Any CPU.ActiveCfg = Debug|Any CPU
		{14A6EB13-D436-4B67-B6D5-1F4223887E0E}.Debug|Any CPU.Build.0 = Debug|Any CPU
		{14A6EB13-D436-4B67-B6D5-1F4223887E0E}.Release|Any CPU.ActiveCfg = Release|Any CPU
		{14A6EB13-D436-4B67-B6D5-1F4223887E0E}.Release|Any CPU.Build.0 = Release|Any CPU
	EndGlobalSection
	GlobalSection(SolutionProperties) = preSolution
		HideSolutionNode = FALSE
	EndGlobalSection
	GlobalSection(ExtensibilityGlobals) = postSolution
		SolutionGuid = {B55EF4D0-5AFA-4EFE-82B5-A3C1E60ECE35}
	EndGlobalSection
EndGlobal
